
Microsoft Visual Studio Solution File, Format Version 12.00
# Visual Studio Version 16
VisualStudioVersion = 25.0.1706.4
MinimumVisualStudioVersion = 10.0.40219.1
Project("{FAE04EC0-301F-11D3-BF4B-00C04F79EFBC}") = "OverlaySample.iOS", "OverlaySample.iOS.csproj", "{3772DB3B-8D40-442D-A8E1-537298A1886C}"
EndProject
Global
	GlobalSection(SolutionConfigurationPlatforms) = preSolution
		Debug|iPhoneSimulator = Debug|iPhoneSimulator
		Release|iPhoneSimulator = Release|iPhoneSimulator
		Debug|iPhone = Debug|iPhone
		Release|iPhone = Release|iPhone
		Ad-Hoc|iPhone = Ad-Hoc|iPhone
		AppStore|iPhone = AppStore|iPhone
	EndGlobalSection
	GlobalSection(ProjectConfigurationPlatforms) = postSolution
		{3772DB3B-8D40-442D-A8E1-537298A1886C}.Debug|iPhoneSimulator.ActiveCfg = Debug|iPhoneSimulator
		{3772DB3B-8D40-442D-A8E1-537298A1886C}.Debug|iPhoneSimulator.Build.0 = Debug|iPhoneSimulator
		{3772DB3B-8D40-442D-A8E1-537298A1886C}.Release|iPhoneSimulator.ActiveCfg = Release|iPhoneSimulator
		{3772DB3B-8D40-442D-A8E1-537298A1886C}.Release|iPhoneSimulator.Build.0 = Release|iPhoneSimulator
		{3772DB3B-8D40-442D-A8E1-537298A1886C}.Debug|iPhone.ActiveCfg = Debug|iPhone
		{3772DB3B-8D40-442D-A8E1-537298A1886C}.Debug|iPhone.Build.0 = Debug|iPhone
		{3772DB3B-8D40-442D-A8E1-537298A1886C}.Release|iPhone.ActiveCfg = Release|iPhone
		{3772DB3B-8D40-442D-A8E1-537298A1886C}.Release|iPhone.Build.0 = Release|iPhone
		{3772DB3B-8D40-442D-A8E1-537298A1886C}.Ad-Hoc|iPhone.ActiveCfg = Ad-Hoc|iPhone
		{3772DB3B-8D40-442D-A8E1-537298A1886C}.Ad-Hoc|iPhone.Build.0 = Ad-Hoc|iPhone
		{3772DB3B-8D40-442D-A8E1-537298A1886C}.AppStore|iPhone.ActiveCfg = AppStore|iPhone
		{3772DB3B-8D40-442D-A8E1-537298A1886C}.AppStore|iPhone.Build.0 = AppStore|iPhone
	EndGlobalSection
	GlobalSection(SolutionProperties) = preSolution
		HideSolutionNode = FALSE
	EndGlobalSection
	GlobalSection(ExtensibilityGlobals) = postSolution
		SolutionGuid = {79564C68-3C85-4EF2-A568-AEB394EF23E6}
	EndGlobalSection
EndGlobal
